{
  "requires": true,
  "lockfileVersion": 1,
  "dependencies": {
    "@popperjs/core": {
      "version": "2.11.5",
      "resolved": "https://registry.npmjs.org/@popperjs/core/-/core-2.11.5.tgz",
      "integrity": "sha512-9X2obfABZuDVLCgPK9aX0a/x4jaOEweTTWE2+9sr0Qqqevj2Uv5XorvusThmc9XGYpS9yI+fhh8RTafBtGposw=="
    },
    "classnames": {
      "version": "2.3.1",
      "resolved": "https://registry.npmjs.org/classnames/-/classnames-2.3.1.tgz",
      "integrity": "sha512-OlQdbZ7gLfGarSqxesMesDa5uz7KFbID8Kpq/SxIoNGDqY8lSYs0D+hhtBXhcdB3rcbXArFr7vlHheLk1voeNA=="
    },
    "react-pro-sidebar": {
      "version": "0.7.1",
      "resolved": "https://registry.npmjs.org/react-pro-sidebar/-/react-pro-sidebar-0.7.1.tgz",
      "integrity": "sha512-Iy1X8ce4t5Vqz4CsyzjwokGUE3/IObgmYzS0ins7/2eWKle0SMUPaWdgMKFIVjtVrMr5vmjPbRicq8FxnVaf8A==",
      "requires": {
        "@popperjs/core": "^2.4.0",
        "classnames": "^2.2.6",
        "react-slidedown": "^2.4.5",
        "resize-observer-polyfill": "^1.5.1"
      }
    },
    "react-rating-stars-component": {
      "version": "2.2.0",
      "resolved": "https://registry.npmjs.org/react-rating-stars-component/-/react-rating-stars-component-2.2.0.tgz",
      "integrity": "sha512-A3lgLxumfFQQicKQmxacZ91fq/zRaVWlCPnVodJmJV6obvod4/yCotetN9WuyBiUfnKsEFDBo/8B85ocwmL7ng=="
    },
    "react-slidedown": {
      "version": "2.4.7",
      "resolved": "https://registry.npmjs.org/react-slidedown/-/react-slidedown-2.4.7.tgz",
      "integrity": "sha512-HGDfrqo70r1WVE0DwrySPdCT27/2wcZaJYh5kOnmuPSCtjDDJrNkDdn4Ep/cma2VVfwupeAGhbc2pbrGThU6VQ==",
      "requires": {
        "tslib": "^2.0.0"
      }
    },
    "resize-observer-polyfill": {
      "version": "1.5.1",
      "resolved": "https://registry.npmjs.org/resize-observer-polyfill/-/resize-observer-polyfill-1.5.1.tgz",
      "integrity": "sha512-LwZrotdHOo12nQuZlHEmtuXdqGoOD0OhaxopaNFxWzInpEgaLWoVuAMbTzixuosCx2nEG58ngzW3vxdWoxIgdg=="
    },
    "tslib": {
      "version": "2.4.0",
      "resolved": "https://registry.npmjs.org/tslib/-/tslib-2.4.0.tgz",
      "integrity": "sha512-d6xOpEDfsi2CZVlPQzGeux8XMwLT9hssAsaPYExaQMuYskwb+x1x7J371tWlbBdWHroy99KnVB6qIkUbs5X3UQ=="
    }
  }
}
